// !$*UTF8*$!
{
	archiveVersion = 1;
	classes = {
	};
	objectVersion = 51;
	objects = {

/* Begin PBXBuildFile section */
		6723C6C2FC2EC31BA52D54B0 /* Pods_InstagramTests.framework in Frameworks */ = {isa = PBXBuildFile; fileRef = 8C770E28CAD3C2766133FC74 /* Pods_InstagramTests.framework */; };
		827595317CEDC257C7872D5A /* Pods_Instagram.framework in Frameworks */ = {isa = PBXBuildFile; fileRef = C0A25195992EA0A4BD5C1070 /* Pods_Instagram.framework */; };
		F725108224FD6ED100E50844 /* RegistrationViewController.swift in Sources */ = {isa = PBXBuildFile; fileRef = F725108124FD6ED100E50844 /* RegistrationViewController.swift */; };
		F725108424FD6F6400E50844 /* AuthManager.swift in Sources */ = {isa = PBXBuildFile; fileRef = F725108324FD6F6400E50844 /* AuthManager.swift */; };
		F725108624FD80D700E50844 /* DatabaseManager.swift in Sources */ = {isa = PBXBuildFile; fileRef = F725108524FD80D700E50844 /* DatabaseManager.swift */; };
		F725108824FD868000E50844 /* String+Extension.swift in Sources */ = {isa = PBXBuildFile; fileRef = F725108724FD868000E50844 /* String+Extension.swift */; };
		F72510A62501754400E50844 /* SettingsViewController.swift in Sources */ = {isa = PBXBuildFile; fileRef = F72510A52501754400E50844 /* SettingsViewController.swift */; };
		F72510A82501839800E50844 /* ProfileViewController.swift in Sources */ = {isa = PBXBuildFile; fileRef = F72510A72501839800E50844 /* ProfileViewController.swift */; };
		F72510AA2503C92300E50844 /* NotificationsViewController.swift in Sources */ = {isa = PBXBuildFile; fileRef = F72510A92503C92300E50844 /* NotificationsViewController.swift */; };
		F72510B12503CAD000E50844 /* NotificationTableViewCell.swift in Sources */ = {isa = PBXBuildFile; fileRef = F72510B02503CAD000E50844 /* NotificationTableViewCell.swift */; };
		F7868B9524F83BF100BED833 /* AppDelegate.swift in Sources */ = {isa = PBXBuildFile; fileRef = F7868B9424F83BF100BED833 /* AppDelegate.swift */; };
		F7868B9724F83BF100BED833 /* SceneDelegate.swift in Sources */ = {isa = PBXBuildFile; fileRef = F7868B9624F83BF100BED833 /* SceneDelegate.swift */; };
		F7868B9924F83BF100BED833 /* HomeViewController.swift in Sources */ = {isa = PBXBuildFile; fileRef = F7868B9824F83BF100BED833 /* HomeViewController.swift */; };
		F7868B9C24F83BF100BED833 /* Main.storyboard in Resources */ = {isa = PBXBuildFile; fileRef = F7868B9A24F83BF100BED833 /* Main.storyboard */; };
		F7868B9F24F83BF100BED833 /* Instagram.xcdatamodeld in Sources */ = {isa = PBXBuildFile; fileRef = F7868B9D24F83BF100BED833 /* Instagram.xcdatamodeld */; };
		F7868BA124F83BF200BED833 /* Assets.xcassets in Resources */ = {isa = PBXBuildFile; fileRef = F7868BA024F83BF200BED833 /* Assets.xcassets */; };
		F7868BA424F83BF200BED833 /* LaunchScreen.storyboard in Resources */ = {isa = PBXBuildFile; fileRef = F7868BA224F83BF200BED833 /* LaunchScreen.storyboard */; };
		F7868BAF24F83BF200BED833 /* InstagramTests.swift in Sources */ = {isa = PBXBuildFile; fileRef = F7868BAE24F83BF200BED833 /* InstagramTests.swift */; };
		F7868BBA24F8520400BED833 /* GoogleService-Info.plist in Resources */ = {isa = PBXBuildFile; fileRef = F7868BB924F8520400BED833 /* GoogleService-Info.plist */; };
		F7868BBE24F9A11000BED833 /* LoginViewController.swift in Sources */ = {isa = PBXBuildFile; fileRef = F7868BBD24F9A11000BED833 /* LoginViewController.swift */; };
/* End PBXBuildFile section */

/* Begin PBXContainerItemProxy section */
		F7868BAB24F83BF200BED833 /* PBXContainerItemProxy */ = {
			isa = PBXContainerItemProxy;
			containerPortal = F7868B8924F83BF100BED833 /* Project object */;
			proxyType = 1;
			remoteGlobalIDString = F7868B9024F83BF100BED833;
			remoteInfo = Instagram;
		};
/* End PBXContainerItemProxy section */

/* Begin PBXFileReference section */
		2381B2C2101A9C97D7789171 /* Pods-Instagram.release.xcconfig */ = {isa = PBXFileReference; includeInIndex = 1; lastKnownFileType = text.xcconfig; name = "Pods-Instagram.release.xcconfig"; path = "Target Support Files/Pods-Instagram/Pods-Instagram.release.xcconfig"; sourceTree = "<group>"; };
		6256A91BBA6AE39F9F53B212 /* Pods-InstagramTests.release.xcconfig */ = {isa = PBXFileReference; includeInIndex = 1; lastKnownFileType = text.xcconfig; name = "Pods-InstagramTests.release.xcconfig"; path = "Target Support Files/Pods-InstagramTests/Pods-InstagramTests.release.xcconfig"; sourceTree = "<group>"; };
		85EA016EB12AAC326EF5E877 /* Pods-Instagram.debug.xcconfig */ = {isa = PBXFileReference; includeInIndex = 1; lastKnownFileType = text.xcconfig; name = "Pods-Instagram.debug.xcconfig"; path = "Target Support Files/Pods-Instagram/Pods-Instagram.debug.xcconfig"; sourceTree = "<group>"; };
		8C770E28CAD3C2766133FC74 /* Pods_InstagramTests.framework */ = {isa = PBXFileReference; explicitFileType = wrapper.framework; includeInIndex = 0; path = Pods_InstagramTests.framework; sourceTree = BUILT_PRODUCTS_DIR; };
		C0A25195992EA0A4BD5C1070 /* Pods_Instagram.framework */ = {isa = PBXFileReference; explicitFileType = wrapper.framework; includeInIndex = 0; path = Pods_Instagram.framework; sourceTree = BUILT_PRODUCTS_DIR; };
		EB3C4D54D61FAF6DF507CB3E /* Pods-InstagramTests.debug.xcconfig */ = {isa = PBXFileReference; includeInIndex = 1; lastKnownFileType = text.xcconfig; name = "Pods-InstagramTests.debug.xcconfig"; path = "Target Support Files/Pods-InstagramTests/Pods-InstagramTests.debug.xcconfig"; sourceTree = "<group>"; };
		F725108124FD6ED100E50844 /* RegistrationViewController.swift */ = {isa = PBXFileReference; lastKnownFileType = sourcecode.swift; path = RegistrationViewController.swift; sourceTree = "<group>"; };
		F725108324FD6F6400E50844 /* AuthManager.swift */ = {isa = PBXFileReference; lastKnownFileType = sourcecode.swift; path = AuthManager.swift; sourceTree = "<group>"; };
		F725108524FD80D700E50844 /* DatabaseManager.swift */ = {isa = PBXFileReference; lastKnownFileType = sourcecode.swift; path = DatabaseManager.swift; sourceTree = "<group>"; };
		F725108724FD868000E50844 /* String+Extension.swift */ = {isa = PBXFileReference; lastKnownFileType = sourcecode.swift; path = "String+Extension.swift"; sourceTree = "<group>"; };
		F72510A52501754400E50844 /* SettingsViewController.swift */ = {isa = PBXFileReference; lastKnownFileType = sourcecode.swift; path = SettingsViewController.swift; sourceTree = "<group>"; };
		F72510A72501839800E50844 /* ProfileViewController.swift */ = {isa = PBXFileReference; lastKnownFileType = sourcecode.swift; path = ProfileViewController.swift; sourceTree = "<group>"; };
		F72510A92503C92300E50844 /* NotificationsViewController.swift */ = {isa = PBXFileReference; lastKnownFileType = sourcecode.swift; path = NotificationsViewController.swift; sourceTree = "<group>"; };
		F72510B02503CAD000E50844 /* NotificationTableViewCell.swift */ = {isa = PBXFileReference; lastKnownFileType = sourcecode.swift; path = NotificationTableViewCell.swift; sourceTree = "<group>"; };
		F7868B9124F83BF100BED833 /* Instagram.app */ = {isa = PBXFileReference; explicitFileType = wrapper.application; includeInIndex = 0; path = Instagram.app; sourceTree = BUILT_PRODUCTS_DIR; };
		F7868B9424F83BF100BED833 /* AppDelegate.swift */ = {isa = PBXFileReference; lastKnownFileType = sourcecode.swift; path = AppDelegate.swift; sourceTree = "<group>"; };
		F7868B9624F83BF100BED833 /* SceneDelegate.swift */ = {isa = PBXFileReference; lastKnownFileType = sourcecode.swift; path = SceneDelegate.swift; sourceTree = "<group>"; };
		F7868B9824F83BF100BED833 /* HomeViewController.swift */ = {isa = PBXFileReference; lastKnownFileType = sourcecode.swift; path = HomeViewController.swift; sourceTree = "<group>"; };
		F7868B9B24F83BF100BED833 /* Base */ = {isa = PBXFileReference; lastKnownFileType = file.storyboard; name = Base; path = Base.lproj/Main.storyboard; sourceTree = "<group>"; };
		F7868B9E24F83BF100BED833 /* Instagram.xcdatamodel */ = {isa = PBXFileReference; lastKnownFileType = wrapper.xcdatamodel; path = Instagram.xcdatamodel; sourceTree = "<group>"; };
		F7868BA024F83BF200BED833 /* Assets.xcassets */ = {isa = PBXFileReference; lastKnownFileType = folder.assetcatalog; path = Assets.xcassets; sourceTree = "<group>"; };
		F7868BA324F83BF200BED833 /* Base */ = {isa = PBXFileReference; lastKnownFileType = file.storyboard; name = Base; path = Base.lproj/LaunchScreen.storyboard; sourceTree = "<group>"; };
		F7868BA524F83BF200BED833 /* Info.plist */ = {isa = PBXFileReference; lastKnownFileType = text.plist.xml; path = Info.plist; sourceTree = "<group>"; };
		F7868BAA24F83BF200BED833 /* InstagramTests.xctest */ = {isa = PBXFileReference; explicitFileType = wrapper.cfbundle; includeInIndex = 0; path = InstagramTests.xctest; sourceTree = BUILT_PRODUCTS_DIR; };
		F7868BAE24F83BF200BED833 /* InstagramTests.swift */ = {isa = PBXFileReference; lastKnownFileType = sourcecode.swift; path = InstagramTests.swift; sourceTree = "<group>"; };
		F7868BB024F83BF200BED833 /* Info.plist */ = {isa = PBXFileReference; lastKnownFileType = text.plist.xml; path = Info.plist; sourceTree = "<group>"; };
		F7868BB924F8520400BED833 /* GoogleService-Info.plist */ = {isa = PBXFileReference; fileEncoding = 4; lastKnownFileType = text.plist.xml; path = "GoogleService-Info.plist"; sourceTree = "<group>"; };
		F7868BBD24F9A11000BED833 /* LoginViewController.swift */ = {isa = PBXFileReference; lastKnownFileType = sourcecode.swift; path = LoginViewController.swift; sourceTree = "<group>"; };
/* End PBXFileReference section */

/* Begin PBXFrameworksBuildPhase section */
		F7868B8E24F83BF100BED833 /* Frameworks */ = {
			isa = PBXFrameworksBuildPhase;
			buildActionMask = 2147483647;
			files = (
				827595317CEDC257C7872D5A /* Pods_Instagram.framework in Frameworks */,
			);
			runOnlyForDeploymentPostprocessing = 0;
		};
		F7868BA724F83BF200BED833 /* Frameworks */ = {
			isa = PBXFrameworksBuildPhase;
			buildActionMask = 2147483647;
			files = (
				6723C6C2FC2EC31BA52D54B0 /* Pods_InstagramTests.framework in Frameworks */,
			);
			runOnlyForDeploymentPostprocessing = 0;
		};
/* End PBXFrameworksBuildPhase section */

/* Begin PBXGroup section */
		2058477556C8751F6D6BC850 /* Pods */ = {
			isa = PBXGroup;
			children = (
				85EA016EB12AAC326EF5E877 /* Pods-Instagram.debug.xcconfig */,
				2381B2C2101A9C97D7789171 /* Pods-Instagram.release.xcconfig */,
				EB3C4D54D61FAF6DF507CB3E /* Pods-InstagramTests.debug.xcconfig */,
				6256A91BBA6AE39F9F53B212 /* Pods-InstagramTests.release.xcconfig */,
			);
			path = Pods;
			sourceTree = "<group>";
		};
		EE4DDF1C0525A8E32265486B /* Frameworks */ = {
			isa = PBXGroup;
			children = (
				C0A25195992EA0A4BD5C1070 /* Pods_Instagram.framework */,
				8C770E28CAD3C2766133FC74 /* Pods_InstagramTests.framework */,
			);
			name = Frameworks;
			sourceTree = "<group>";
		};
		F72510AB2503C95200E50844 /* CoreTabs */ = {
			isa = PBXGroup;
			children = (
				F7868B9824F83BF100BED833 /* HomeViewController.swift */,
				F72510AF2503CABC00E50844 /* Notification */,
				F72510AC2503CA2A00E50844 /* Profile */,
			);
			path = CoreTabs;
			sourceTree = "<group>";
		};
		F72510AC2503CA2A00E50844 /* Profile */ = {
			isa = PBXGroup;
			children = (
				F72510A72501839800E50844 /* ProfileViewController.swift */,
				F72510A52501754400E50844 /* SettingsViewController.swift */,
			);
			path = Profile;
			sourceTree = "<group>";
		};
		F72510AD2503CA4200E50844 /* OnBoarding */ = {
			isa = PBXGroup;
			children = (
				F7868BBD24F9A11000BED833 /* LoginViewController.swift */,
				F725108324FD6F6400E50844 /* AuthManager.swift */,
				F725108524FD80D700E50844 /* DatabaseManager.swift */,
				F725108124FD6ED100E50844 /* RegistrationViewController.swift */,
			);
			path = OnBoarding;
			sourceTree = "<group>";
		};
		F72510AE2503CA5100E50844 /* Util */ = {
			isa = PBXGroup;
			children = (
				F725108724FD868000E50844 /* String+Extension.swift */,
			);
			path = Util;
			sourceTree = "<group>";
		};
		F72510AF2503CABC00E50844 /* Notification */ = {
			isa = PBXGroup;
			children = (
				F72510A92503C92300E50844 /* NotificationsViewController.swift */,
				F72510B02503CAD000E50844 /* NotificationTableViewCell.swift */,
			);
			path = Notification;
			sourceTree = "<group>";
		};
		F7868B8824F83BF100BED833 = {
			isa = PBXGroup;
			children = (
				F7868B9324F83BF100BED833 /* Instagram */,
				F7868BAD24F83BF200BED833 /* InstagramTests */,
				F7868B9224F83BF100BED833 /* Products */,
				2058477556C8751F6D6BC850 /* Pods */,
				EE4DDF1C0525A8E32265486B /* Frameworks */,
			);
			sourceTree = "<group>";
		};
		F7868B9224F83BF100BED833 /* Products */ = {
			isa = PBXGroup;
			children = (
				F7868B9124F83BF100BED833 /* Instagram.app */,
				F7868BAA24F83BF200BED833 /* InstagramTests.xctest */,
			);
			name = Products;
			sourceTree = "<group>";
		};
		F7868B9324F83BF100BED833 /* Instagram */ = {
			isa = PBXGroup;
			children = (
				F7868BB924F8520400BED833 /* GoogleService-Info.plist */,
				F7868B9424F83BF100BED833 /* AppDelegate.swift */,
				F7868B9624F83BF100BED833 /* SceneDelegate.swift */,
				F72510AB2503C95200E50844 /* CoreTabs */,
				F72510AD2503CA4200E50844 /* OnBoarding */,
				F7868B9A24F83BF100BED833 /* Main.storyboard */,
				F7868BA024F83BF200BED833 /* Assets.xcassets */,
				F7868BA224F83BF200BED833 /* LaunchScreen.storyboard */,
				F7868BA524F83BF200BED833 /* Info.plist */,
				F7868B9D24F83BF100BED833 /* Instagram.xcdatamodeld */,
				F72510AE2503CA5100E50844 /* Util */,
			);
			path = Instagram;
			sourceTree = "<group>";
		};
		F7868BAD24F83BF200BED833 /* InstagramTests */ = {
			isa = PBXGroup;
			children = (
				F7868BAE24F83BF200BED833 /* InstagramTests.swift */,
				F7868BB024F83BF200BED833 /* Info.plist */,
			);
			path = InstagramTests;
			sourceTree = "<group>";
		};
/* End PBXGroup section */

/* Begin PBXNativeTarget section */
		F7868B9024F83BF100BED833 /* Instagram */ = {
			isa = PBXNativeTarget;
			buildConfigurationList = F7868BB324F83BF200BED833 /* Build configuration list for PBXNativeTarget "Instagram" */;
			buildPhases = (
				0B573FAC800C9824F98F88AE /* [CP] Check Pods Manifest.lock */,
				F7868B8D24F83BF100BED833 /* Sources */,
				F7868B8E24F83BF100BED833 /* Frameworks */,
				F7868B8F24F83BF100BED833 /* Resources */,
				8F12D5A17A265BB1529DE7B1 /* [CP] Embed Pods Frameworks */,
			);
			buildRules = (
			);
			dependencies = (
			);
			name = Instagram;
			productName = Instagram;
			productReference = F7868B9124F83BF100BED833 /* Instagram.app */;
			productType = "com.apple.product-type.application";
		};
		F7868BA924F83BF200BED833 /* InstagramTests */ = {
			isa = PBXNativeTarget;
			buildConfigurationList = F7868BB624F83BF200BED833 /* Build configuration list for PBXNativeTarget "InstagramTests" */;
			buildPhases = (
				EA545A5D420A490B397BD435 /* [CP] Check Pods Manifest.lock */,
				F7868BA624F83BF200BED833 /* Sources */,
				F7868BA724F83BF200BED833 /* Frameworks */,
				F7868BA824F83BF200BED833 /* Resources */,
			);
			buildRules = (
			);
			dependencies = (
				F7868BAC24F83BF200BED833 /* PBXTargetDependency */,
			);
			name = InstagramTests;
			productName = InstagramTests;
			productReference = F7868BAA24F83BF200BED833 /* InstagramTests.xctest */;
			productType = "com.apple.product-type.bundle.unit-test";
		};
/* End PBXNativeTarget section */

/* Begin PBXProject section */
		F7868B8924F83BF100BED833 /* Project object */ = {
			isa = PBXProject;
			attributes = {
				LastSwiftUpdateCheck = 1120;
				LastUpgradeCheck = 1120;
				ORGANIZATIONNAME = "Shiva Ram Reddy";
				TargetAttributes = {
					F7868B9024F83BF100BED833 = {
						CreatedOnToolsVersion = 11.2.1;
					};
					F7868BA924F83BF200BED833 = {
						CreatedOnToolsVersion = 11.2.1;
						TestTargetID = F7868B9024F83BF100BED833;
					};
				};
			};
			buildConfigurationList = F7868B8C24F83BF100BED833 /* Build configuration list for PBXProject "Instagram" */;
			compatibilityVersion = "Xcode 9.3";
			developmentRegion = en;
			hasScannedForEncodings = 0;
			knownRegions = (
				en,
				Base,
			);
			mainGroup = F7868B8824F83BF100BED833;
			productRefGroup = F7868B9224F83BF100BED833 /* Products */;
			projectDirPath = "";
			projectRoot = "";
			targets = (
				F7868B9024F83BF100BED833 /* Instagram */,
				F7868BA924F83BF200BED833 /* InstagramTests */,
			);
		};
/* End PBXProject section */

/* Begin PBXResourcesBuildPhase section */
		F7868B8F24F83BF100BED833 /* Resources */ = {
			isa = PBXResourcesBuildPhase;
			buildActionMask = 2147483647;
			files = (
				F7868BA424F83BF200BED833 /* LaunchScreen.storyboard in Resources */,
				F7868BA124F83BF200BED833 /* Assets.xcassets in Resources */,
				F7868B9C24F83BF100BED833 /* Main.storyboard in Resources */,
				F7868BBA24F8520400BED833 /* GoogleService-Info.plist in Resources */,
			);
			runOnlyForDeploymentPostprocessing = 0;
		};
		F7868BA824F83BF200BED833 /* Resources */ = {
			isa = PBXResourcesBuildPhase;
			buildActionMask = 2147483647;
			files = (
			);
			runOnlyForDeploymentPostprocessing = 0;
		};
/* End PBXResourcesBuildPhase section */

/* Begin PBXShellScriptBuildPhase section */
		0B573FAC800C9824F98F88AE /* [CP] Check Pods Manifest.lock */ = {
			isa = PBXShellScriptBuildPhase;
			buildActionMask = 2147483647;
			files = (
			);
			inputFileListPaths = (
			);
			inputPaths = (
				"${PODS_PODFILE_DIR_PATH}/Podfile.lock",
				"${PODS_ROOT}/Manifest.lock",
			);
			name = "[CP] Check Pods Manifest.lock";
			outputFileListPaths = (
			);
			outputPaths = (
				"$(DERIVED_FILE_DIR)/Pods-Instagram-checkManifestLockResult.txt",
			);
			runOnlyForDeploymentPostprocessing = 0;
			shellPath = /bin/sh;
			shellScript = "diff \"${PODS_PODFILE_DIR_PATH}/Podfile.lock\" \"${PODS_ROOT}/Manifest.lock\" > /dev/null\nif [ $? != 0 ] ; then\n    # print error to STDERR\n    echo \"error: The sandbox is not in sync with the Podfile.lock. Run 'pod install' or update your CocoaPods installation.\" >&2\n    exit 1\nfi\n# This output is used by Xcode 'outputs' to avoid re-running this script phase.\necho \"SUCCESS\" > \"${SCRIPT_OUTPUT_FILE_0}\"\n";
			showEnvVarsInLog = 0;
		};
		8F12D5A17A265BB1529DE7B1 /* [CP] Embed Pods Frameworks */ = {
			isa = PBXShellScriptBuildPhase;
			buildActionMask = 2147483647;
			files = (
			);
			inputFileListPaths = (
				"${PODS_ROOT}/Target Support Files/Pods-Instagram/Pods-Instagram-frameworks-${CONFIGURATION}-input-files.xcfilelist",
			);
			name = "[CP] Embed Pods Frameworks";
			outputFileListPaths = (
				"${PODS_ROOT}/Target Support Files/Pods-Instagram/Pods-Instagram-frameworks-${CONFIGURATION}-output-files.xcfilelist",
			);
			runOnlyForDeploymentPostprocessing = 0;
			shellPath = /bin/sh;
			shellScript = "\"${PODS_ROOT}/Target Support Files/Pods-Instagram/Pods-Instagram-frameworks.sh\"\n";
			showEnvVarsInLog = 0;
		};
		EA545A5D420A490B397BD435 /* [CP] Check Pods Manifest.lock */ = {
			isa = PBXShellScriptBuildPhase;
			buildActionMask = 2147483647;
			files = (
			);
			inputFileListPaths = (
			);
			inputPaths = (
				"${PODS_PODFILE_DIR_PATH}/Podfile.lock",
				"${PODS_ROOT}/Manifest.lock",
			);
			name = "[CP] Check Pods Manifest.lock";
			outputFileListPaths = (
			);
			outputPaths = (
				"$(DERIVED_FILE_DIR)/Pods-InstagramTests-checkManifestLockResult.txt",
			);
			runOnlyForDeploymentPostprocessing = 0;
			shellPath = /bin/sh;
			shellScript = "diff \"${PODS_PODFILE_DIR_PATH}/Podfile.lock\" \"${PODS_ROOT}/Manifest.lock\" > /dev/null\nif [ $? != 0 ] ; then\n    # print error to STDERR\n    echo \"error: The sandbox is not in sync with the Podfile.lock. Run 'pod install' or update your CocoaPods installation.\" >&2\n    exit 1\nfi\n# This output is used by Xcode 'outputs' to avoid re-running this script phase.\necho \"SUCCESS\" > \"${SCRIPT_OUTPUT_FILE_0}\"\n";
			showEnvVarsInLog = 0;
		};
/* End PBXShellScriptBuildPhase section */

/* Begin PBXSourcesBuildPhase section */
		F7868B8D24F83BF100BED833 /* Sources */ = {
			isa = PBXSourcesBuildPhase;
			buildActionMask = 2147483647;
			files = (
				F725108624FD80D700E50844 /* DatabaseManager.swift in Sources */,
				F725108824FD868000E50844 /* String+Extension.swift in Sources */,
				F72510B12503CAD000E50844 /* NotificationTableViewCell.swift in Sources */,
				F725108224FD6ED100E50844 /* RegistrationViewController.swift in Sources */,
				F72510AA2503C92300E50844 /* NotificationsViewController.swift in Sources */,
				F72510A62501754400E50844 /* SettingsViewController.swift in Sources */,
				F7868B9F24F83BF100BED833 /* Instagram.xcdatamodeld in Sources */,
				F7868B9924F83BF100BED833 /* HomeViewController.swift in Sources */,
				F72510A82501839800E50844 /* ProfileViewController.swift in Sources */,
				F7868B9524F83BF100BED833 /* AppDelegate.swift in Sources */,
				F7868BBE24F9A11000BED833 /* LoginViewController.swift in Sources */,
				F725108424FD6F6400E50844 /* AuthManager.swift in Sources */,
				F7868B9724F83BF100BED833 /* SceneDelegate.swift in Sources */,
			);
			runOnlyForDeploymentPostprocessing = 0;
		};
		F7868BA624F83BF200BED833 /* Sources */ = {
			isa = PBXSourcesBuildPhase;
			buildActionMask = 2147483647;
			files = (
				F7868BAF24F83BF200BED833 /* InstagramTests.swift in Sources */,
			);
			runOnlyForDeploymentPostprocessing = 0;
		};
/* End PBXSourcesBuildPhase section */

/* Begin PBXTargetDependency section */
		F7868BAC24F83BF200BED833 /* PBXTargetDependency */ = {
			isa = PBXTargetDependency;
			target = F7868B9024F83BF100BED833 /* Instagram */;
			targetProxy = F7868BAB24F83BF200BED833 /* PBXContainerItemProxy */;
		};
/* End PBXTargetDependency section */

/* Begin PBXVariantGroup section */
		F7868B9A24F83BF100BED833 /* Main.storyboard */ = {
			isa = PBXVariantGroup;
			children = (
				F7868B9B24F83BF100BED833 /* Base */,
			);
			name = Main.storyboard;
			sourceTree = "<group>";
		};
		F7868BA224F83BF200BED833 /* LaunchScreen.storyboard */ = {
			isa = PBXVariantGroup;
			children = (
				F7868BA324F83BF200BED833 /* Base */,
			);
			name = LaunchScreen.storyboard;
			sourceTree = "<group>";
		};
/* End PBXVariantGroup section */

/* Begin XCBuildConfiguration section */
		F7868BB124F83BF200BED833 /* Debug */ = {
			isa = XCBuildConfiguration;
			buildSettings = {
				ALWAYS_SEARCH_USER_PATHS = NO;
				CLANG_ANALYZER_NONNULL = YES;
				CLANG_ANALYZER_NUMBER_OBJECT_CONVERSION = YES_AGGRESSIVE;
				CLANG_CXX_LANGUAGE_STANDARD = "gnu++14";
				CLANG_CXX_LIBRARY = "libc++";
				CLANG_ENABLE_MODULES = YES;
				CLANG_ENABLE_OBJC_ARC = YES;
				CLANG_ENABLE_OBJC_WEAK = YES;
				CLANG_WARN_BLOCK_CAPTURE_AUTORELEASING = YES;
				CLANG_WARN_BOOL_CONVERSION = YES;
				CLANG_WARN_COMMA = YES;
				CLANG_WARN_CONSTANT_CONVERSION = YES;
				CLANG_WARN_DEPRECATED_OBJC_IMPLEMENTATIONS = YES;
				CLANG_WARN_DIRECT_OBJC_ISA_USAGE = YES_ERROR;
				CLANG_WARN_DOCUMENTATION_COMMENTS = YES;
				CLANG_WARN_EMPTY_BODY = YES;
				CLANG_WARN_ENUM_CONVERSION = YES;
				CLANG_WARN_INFINITE_RECURSION = YES;
				CLANG_WARN_INT_CONVERSION = YES;
				CLANG_WARN_NON_LITERAL_NULL_CONVERSION = YES;
				CLANG_WARN_OBJC_IMPLICIT_RETAIN_SELF = YES;
				CLANG_WARN_OBJC_LITERAL_CONVERSION = YES;
				CLANG_WARN_OBJC_ROOT_CLASS = YES_ERROR;
				CLANG_WARN_RANGE_LOOP_ANALYSIS = YES;
				CLANG_WARN_STRICT_PROTOTYPES = YES;
				CLANG_WARN_SUSPICIOUS_MOVE = YES;
				CLANG_WARN_UNGUARDED_AVAILABILITY = YES_AGGRESSIVE;
				CLANG_WARN_UNREACHABLE_CODE = YES;
				CLANG_WARN__DUPLICATE_METHOD_MATCH = YES;
				COPY_PHASE_STRIP = NO;
				DEBUG_INFORMATION_FORMAT = dwarf;
				ENABLE_STRICT_OBJC_MSGSEND = YES;
				ENABLE_TESTABILITY = YES;
				GCC_C_LANGUAGE_STANDARD = gnu11;
				GCC_DYNAMIC_NO_PIC = NO;
				GCC_NO_COMMON_BLOCKS = YES;
				GCC_OPTIMIZATION_LEVEL = 0;
				GCC_PREPROCESSOR_DEFINITIONS = (
					"DEBUG=1",
					"$(inherited)",
				);
				GCC_WARN_64_TO_32_BIT_CONVERSION = YES;
				GCC_WARN_ABOUT_RETURN_TYPE = YES_ERROR;
				GCC_WARN_UNDECLARED_SELECTOR = YES;
				GCC_WARN_UNINITIALIZED_AUTOS = YES_AGGRESSIVE;
				GCC_WARN_UNUSED_FUNCTION = YES;
				GCC_WARN_UNUSED_VARIABLE = YES;
				IPHONEOS_DEPLOYMENT_TARGET = 13.2;
				MTL_ENABLE_DEBUG_INFO = INCLUDE_SOURCE;
				MTL_FAST_MATH = YES;
				ONLY_ACTIVE_ARCH = YES;
				SDKROOT = iphoneos;
				SWIFT_ACTIVE_COMPILATION_CONDITIONS = DEBUG;
				SWIFT_OPTIMIZATION_LEVEL = "-Onone";
			};
			name = Debug;
		};
		F7868BB224F83BF200BED833 /* Release */ = {
			isa = XCBuildConfiguration;
			buildSettings = {
				ALWAYS_SEARCH_USER_PATHS = NO;
				CLANG_ANALYZER_NONNULL = YES;
				CLANG_ANALYZER_NUMBER_OBJECT_CONVERSION = YES_AGGRESSIVE;
				CLANG_CXX_LANGUAGE_STANDARD = "gnu++14";
				CLANG_CXX_LIBRARY = "libc++";
				CLANG_ENABLE_MODULES = YES;
				CLANG_ENABLE_OBJC_ARC = YES;
				CLANG_ENABLE_OBJC_WEAK = YES;
				CLANG_WARN_BLOCK_CAPTURE_AUTORELEASING = YES;
				CLANG_WARN_BOOL_CONVERSION = YES;
				CLANG_WARN_COMMA = YES;
				CLANG_WARN_CONSTANT_CONVERSION = YES;
				CLANG_WARN_DEPRECATED_OBJC_IMPLEMENTATIONS = YES;
				CLANG_WARN_DIRECT_OBJC_ISA_USAGE = YES_ERROR;
				CLANG_WARN_DOCUMENTATION_COMMENTS = YES;
				CLANG_WARN_EMPTY_BODY = YES;
				CLANG_WARN_ENUM_CONVERSION = YES;
				CLANG_WARN_INFINITE_RECURSION = YES;
				CLANG_WARN_INT_CONVERSION = YES;
				CLANG_WARN_NON_LITERAL_NULL_CONVERSION = YES;
				CLANG_WARN_OBJC_IMPLICIT_RETAIN_SELF = YES;
				CLANG_WARN_OBJC_LITERAL_CONVERSION = YES;
				CLANG_WARN_OBJC_ROOT_CLASS = YES_ERROR;
				CLANG_WARN_RANGE_LOOP_ANALYSIS = YES;
				CLANG_WARN_STRICT_PROTOTYPES = YES;
				CLANG_WARN_SUSPICIOUS_MOVE = YES;
				CLANG_WARN_UNGUARDED_AVAILABILITY = YES_AGGRESSIVE;
				CLANG_WARN_UNREACHABLE_CODE = YES;
				CLANG_WARN__DUPLICATE_METHOD_MATCH = YES;
				COPY_PHASE_STRIP = NO;
				DEBUG_INFORMATION_FORMAT = "dwarf-with-dsym";
				ENABLE_NS_ASSERTIONS = NO;
				ENABLE_STRICT_OBJC_MSGSEND = YES;
				GCC_C_LANGUAGE_STANDARD = gnu11;
				GCC_NO_COMMON_BLOCKS = YES;
				GCC_WARN_64_TO_32_BIT_CONVERSION = YES;
				GCC_WARN_ABOUT_RETURN_TYPE = YES_ERROR;
				GCC_WARN_UNDECLARED_SELECTOR = YES;
				GCC_WARN_UNINITIALIZED_AUTOS = YES_AGGRESSIVE;
				GCC_WARN_UNUSED_FUNCTION = YES;
				GCC_WARN_UNUSED_VARIABLE = YES;
				IPHONEOS_DEPLOYMENT_TARGET = 13.2;
				MTL_ENABLE_DEBUG_INFO = NO;
				MTL_FAST_MATH = YES;
				SDKROOT = iphoneos;
				SWIFT_COMPILATION_MODE = wholemodule;
				SWIFT_OPTIMIZATION_LEVEL = "-O";
				VALIDATE_PRODUCT = YES;
			};
			name = Release;
		};
		F7868BB424F83BF200BED833 /* Debug */ = {
			isa = XCBuildConfiguration;
			baseConfigurationReference = 85EA016EB12AAC326EF5E877 /* Pods-Instagram.debug.xcconfig */;
			buildSettings = {
				ASSETCATALOG_COMPILER_APPICON_NAME = AppIcon;
				CODE_SIGN_STYLE = Automatic;
				DEVELOPMENT_TEAM = LN5YK2LYGY;
				INFOPLIST_FILE = Instagram/Info.plist;
				LD_RUNPATH_SEARCH_PATHS = (
					"$(inherited)",
					"@executable_path/Frameworks",
				);
				PRODUCT_BUNDLE_IDENTIFIER = com.ksr.Instagram;
				PRODUCT_NAME = "$(TARGET_NAME)";
				SWIFT_VERSION = 5.0;
				TARGETED_DEVICE_FAMILY = "1,2";
			};
			name = Debug;
		};
		F7868BB524F83BF200BED833 /* Release */ = {
			isa = XCBuildConfiguration;
			baseConfigurationReference = 2381B2C2101A9C97D7789171 /* Pods-Instagram.release.xcconfig */;
			buildSettings = {
				ASSETCATALOG_COMPILER_APPICON_NAME = AppIcon;
				CODE_SIGN_STYLE = Automatic;
				DEVELOPMENT_TEAM = LN5YK2LYGY;
				INFOPLIST_FILE = Instagram/Info.plist;
				LD_RUNPATH_SEARCH_PATHS = (
					"$(inherited)",
					"@executable_path/Frameworks",
				);
				PRODUCT_BUNDLE_IDENTIFIER = com.ksr.Instagram;
				PRODUCT_NAME = "$(TARGET_NAME)";
				SWIFT_VERSION = 5.0;
				TARGETED_DEVICE_FAMILY = "1,2";
			};
			name = Release;
		};
		F7868BB724F83BF200BED833 /* Debug */ = {
			isa = XCBuildConfiguration;
			baseConfigurationReference = EB3C4D54D61FAF6DF507CB3E /* Pods-InstagramTests.debug.xcconfig */;
			buildSettings = {
				ALWAYS_EMBED_SWIFT_STANDARD_LIBRARIES = YES;
				BUNDLE_LOADER = "$(TEST_HOST)";
				CODE_SIGN_STYLE = Automatic;
				DEVELOPMENT_TEAM = LN5YK2LYGY;
				INFOPLIST_FILE = InstagramTests/Info.plist;
				IPHONEOS_DEPLOYMENT_TARGET = 13.2;
				LD_RUNPATH_SEARCH_PATHS = (
					"$(inherited)",
					"@executable_path/Frameworks",
					"@loader_path/Frameworks",
				);
				PRODUCT_BUNDLE_IDENTIFIER = com.ksr.InstagramTests;
				PRODUCT_NAME = "$(TARGET_NAME)";
				SWIFT_VERSION = 5.0;
				TARGETED_DEVICE_FAMILY = "1,2";
				TEST_HOST = "$(BUILT_PRODUCTS_DIR)/Instagram.app/Instagram";
			};
			name = Debug;
		};
		F7868BB824F83BF200BED833 /* Release */ = {
			isa = XCBuildConfiguration;
			baseConfigurationReference = 6256A91BBA6AE39F9F53B212 /* Pods-InstagramTests.release.xcconfig */;
			buildSettings = {
				ALWAYS_EMBED_SWIFT_STANDARD_LIBRARIES = YES;
				BUNDLE_LOADER = "$(TEST_HOST)";
				CODE_SIGN_STYLE = Automatic;
				DEVELOPMENT_TEAM = LN5YK2LYGY;
				INFOPLIST_FILE = InstagramTests/Info.plist;
				IPHONEOS_DEPLOYMENT_TARGET = 13.2;
				LD_RUNPATH_SEARCH_PATHS = (
					"$(inherited)",
					"@executable_path/Frameworks",
					"@loader_path/Frameworks",
				);
				PRODUCT_BUNDLE_IDENTIFIER = com.ksr.InstagramTests;
				PRODUCT_NAME = "$(TARGET_NAME)";
				SWIFT_VERSION = 5.0;
				TARGETED_DEVICE_FAMILY = "1,2";
				TEST_HOST = "$(BUILT_PRODUCTS_DIR)/Instagram.app/Instagram";
			};
			name = Release;
		};
/* End XCBuildConfiguration section */

/* Begin XCConfigurationList section */
		F7868B8C24F83BF100BED833 /* Build configuration list for PBXProject "Instagram" */ = {
			isa = XCConfigurationList;
			buildConfigurations = (
				F7868BB124F83BF200BED833 /* Debug */,
				F7868BB224F83BF200BED833 /* Release */,
			);
			defaultConfigurationIsVisible = 0;
			defaultConfigurationName = Release;
		};
		F7868BB324F83BF200BED833 /* Build configuration list for PBXNativeTarget "Instagram" */ = {
			isa = XCConfigurationList;
			buildConfigurations = (
				F7868BB424F83BF200BED833 /* Debug */,
				F7868BB524F83BF200BED833 /* Release */,
			);
			defaultConfigurationIsVisible = 0;
			defaultConfigurationName = Release;
		};
		F7868BB624F83BF200BED833 /* Build configuration list for PBXNativeTarget "InstagramTests" */ = {
			isa = XCConfigurationList;
			buildConfigurations = (
				F7868BB724F83BF200BED833 /* Debug */,
				F7868BB824F83BF200BED833 /* Release */,
			);
			defaultConfigurationIsVisible = 0;
			defaultConfigurationName = Release;
		};
/* End XCConfigurationList section */

/* Begin XCVersionGroup section */
		F7868B9D24F83BF100BED833 /* Instagram.xcdatamodeld */ = {
			isa = XCVersionGroup;
			children = (
				F7868B9E24F83BF100BED833 /* Instagram.xcdatamodel */,
			);
			currentVersion = F7868B9E24F83BF100BED833 /* Instagram.xcdatamodel */;
			path = Instagram.xcdatamodeld;
			sourceTree = "<group>";
			versionGroupType = wrapper.xcdatamodel;
		};
/* End XCVersionGroup section */
	};
	rootObject = F7868B8924F83BF100BED833 /* Project object */;
}
